
Microsoft Visual Studio Solution File, Format Version 12.00
# Visual Studio Version 17
VisualStudioVersion = 17.3.32819.101
MinimumVisualStudioVersion = 10.0.40219.1
Project("{FAE04EC0-301F-11D3-BF4B-00C04F79EFBC}") = "Pila", "Pila\Pila.csproj", "{7933F483-52D5-4DE9-945F-E84EBEC0A229}"
EndProject
Global
	GlobalSection(SolutionConfigurationPlatforms) = preSolution
		Debug|Any CPU = Debug|Any CPU
		Release|Any CPU = Release|Any CPU
	EndGlobalSection
	GlobalSection(ProjectConfigurationPlatforms) = postSolution
		{7933F483-52D5-4DE9-945F-E84EBEC0A229}.Debug|Any CPU.ActiveCfg = Debug|Any CPU
		{7933F483-52D5-4DE9-945F-E84EBEC0A229}.Debug|Any CPU.Build.0 = Debug|Any CPU
		{7933F483-52D5-4DE9-945F-E84EBEC0A229}.Release|Any CPU.ActiveCfg = Release|Any CPU
		{7933F483-52D5-4DE9-945F-E84EBEC0A229}.Release|Any CPU.Build.0 = Release|Any CPU
	EndGlobalSection
	GlobalSection(SolutionProperties) = preSolution
		HideSolutionNode = FALSE
	EndGlobalSection
	GlobalSection(ExtensibilityGlobals) = postSolution
		SolutionGuid = {BB1EF4E6-707A-4187-AC5F-4A36D2741B8A}
	EndGlobalSection
EndGlobal
