
Microsoft Visual Studio Solution File, Format Version 12.00
# Visual Studio Version 17
VisualStudioVersion = 17.3.32819.101
MinimumVisualStudioVersion = 10.0.40219.1
Project("{FAE04EC0-301F-11D3-BF4B-00C04F79EFBC}") = "SortedList", "SortedList\SortedList.csproj", "{3EA911DC-FE68-487D-B1AF-390F5D8F383C}"
EndProject
Global
	GlobalSection(SolutionConfigurationPlatforms) = preSolution
		Debug|Any CPU = Debug|Any CPU
		Release|Any CPU = Release|Any CPU
	EndGlobalSection
	GlobalSection(ProjectConfigurationPlatforms) = postSolution
		{3EA911DC-FE68-487D-B1AF-390F5D8F383C}.Debug|Any CPU.ActiveCfg = Debug|Any CPU
		{3EA911DC-FE68-487D-B1AF-390F5D8F383C}.Debug|Any CPU.Build.0 = Debug|Any CPU
		{3EA911DC-FE68-487D-B1AF-390F5D8F383C}.Release|Any CPU.ActiveCfg = Release|Any CPU
		{3EA911DC-FE68-487D-B1AF-390F5D8F383C}.Release|Any CPU.Build.0 = Release|Any CPU
	EndGlobalSection
	GlobalSection(SolutionProperties) = preSolution
		HideSolutionNode = FALSE
	EndGlobalSection
	GlobalSection(ExtensibilityGlobals) = postSolution
		SolutionGuid = {A3ED9EAF-728A-41F5-B4EB-3C09E845E49C}
	EndGlobalSection
EndGlobal
