
Microsoft Visual Studio Solution File, Format Version 12.00
# Visual Studio Version 17
VisualStudioVersion = 17.3.32819.101
MinimumVisualStudioVersion = 10.0.40219.1
Project("{FAE04EC0-301F-11D3-BF4B-00C04F79EFBC}") = "TablaHash", "TablaHash\TablaHash.csproj", "{7364D90E-8998-4AA0-899B-033F6DE1ADDB}"
EndProject
Global
	GlobalSection(SolutionConfigurationPlatforms) = preSolution
		Debug|Any CPU = Debug|Any CPU
		Release|Any CPU = Release|Any CPU
	EndGlobalSection
	GlobalSection(ProjectConfigurationPlatforms) = postSolution
		{7364D90E-8998-4AA0-899B-033F6DE1ADDB}.Debug|Any CPU.ActiveCfg = Debug|Any CPU
		{7364D90E-8998-4AA0-899B-033F6DE1ADDB}.Debug|Any CPU.Build.0 = Debug|Any CPU
		{7364D90E-8998-4AA0-899B-033F6DE1ADDB}.Release|Any CPU.ActiveCfg = Release|Any CPU
		{7364D90E-8998-4AA0-899B-033F6DE1ADDB}.Release|Any CPU.Build.0 = Release|Any CPU
	EndGlobalSection
	GlobalSection(SolutionProperties) = preSolution
		HideSolutionNode = FALSE
	EndGlobalSection
	GlobalSection(ExtensibilityGlobals) = postSolution
		SolutionGuid = {26A1FA1E-54D8-4561-9B22-D2F285F6884B}
	EndGlobalSection
EndGlobal
